
Microsoft Visual Studio Solution File, Format Version 12.00
# Visual Studio Version 16
VisualStudioVersion = 16.0.29411.108
MinimumVisualStudioVersion = 10.0.40219.1
Project("{9A19103F-16F7-4668-BE54-9A1E7A4F7556}") = "Emby.AniDbMetaStructure.Tests", "MediaBrowser.Plugins.AniMetadata.Tests\Emby.AniDbMetaStructure.Tests.csproj", "{1CCB770B-F66F-46C5-84C0-8998795FAEFA}"
EndProject
Project("{9A19103F-16F7-4668-BE54-9A1E7A4F7556}") = "Emby.AniDbMetaStructure", "MediaBrowser.Plugins.AniMetadata\Emby.AniDbMetaStructure.csproj", "{BAD2DB2B-9089-4BAD-8A7A-D9FEB435D6BB}"
EndProject
Global
	GlobalSection(SolutionConfigurationPlatforms) = preSolution
		Debug|Any CPU = Debug|Any CPU
		Release|Any CPU = Release|Any CPU
	EndGlobalSection
	GlobalSection(ProjectConfigurationPlatforms) = postSolution
		{1CCB770B-F66F-46C5-84C0-8998795FAEFA}.Debug|Any CPU.ActiveCfg = Debug|Any CPU
		{1CCB770B-F66F-46C5-84C0-8998795FAEFA}.Debug|Any CPU.Build.0 = Debug|Any CPU
		{1CCB770B-F66F-46C5-84C0-8998795FAEFA}.Release|Any CPU.ActiveCfg = Release|Any CPU
		{1CCB770B-F66F-46C5-84C0-8998795FAEFA}.Release|Any CPU.Build.0 = Release|Any CPU
		{BAD2DB2B-9089-4BAD-8A7A-D9FEB435D6BB}.Debug|Any CPU.ActiveCfg = Debug|Any CPU
		{BAD2DB2B-9089-4BAD-8A7A-D9FEB435D6BB}.Debug|Any CPU.Build.0 = Debug|Any CPU
		{BAD2DB2B-9089-4BAD-8A7A-D9FEB435D6BB}.Release|Any CPU.ActiveCfg = Release|Any CPU
		{BAD2DB2B-9089-4BAD-8A7A-D9FEB435D6BB}.Release|Any CPU.Build.0 = Release|Any CPU
	EndGlobalSection
	GlobalSection(SolutionProperties) = preSolution
		HideSolutionNode = FALSE
	EndGlobalSection
	GlobalSection(ExtensibilityGlobals) = postSolution
		SolutionGuid = {B8B2E912-56A0-4CBE-937B-C5033E6A1B47}
	EndGlobalSection
EndGlobal
